<?xml version="1.0" encoding="utf-8"?>
<Project ToolsVersion="4.0" xmlns="http://schemas.microsoft.com/developer/msbuild/2003">
  <ItemGroup>
    <Filter Include="Source Files">
      <UniqueIdentifier>{4FC737F1-C7A5-4376-A066-2A32D752A2FF}</UniqueIdentifier>
      <Extensions>cpp;c;cc;cxx;c++;cppm;ixx;def;odl;idl;hpj;bat;asm;asmx</Extensions>
    </Filter>
    <Filter Include="Header Files">
      <UniqueIdentifier>{93995380-89BD-4b04-88EB-625FBE52EBFB}</UniqueIdentifier>
      <Extensions>h;hh;hpp;hxx;h++;hm;inl;inc;ipp;xsd</Extensions>
    </Filter>
    <Filter Include="Resource Files">
      <UniqueIdentifier>{67DA6AB6-F800-4c08-8B7A-83BB121AAD01}</UniqueIdentifier>
      <Extensions>rc;ico;cur;bmp;dlg;rc2;rct;bin;rgs;gif;jpg;jpeg;jpe;resx;tiff;tif;png;wav;mfcribbon-ms</Extensions>
    </Filter>
  </ItemGroup>
  <ItemGroup>
    <ClCompile Include="DllMain.cpp">
      <Filter>Source Files</Filter>
    </ClCompile>
    <ClCompile Include="Base\DOD\DOD.cpp">
      <Filter>Source Files</Filter>
    </ClCompile>
    <ClCompile Include="Cheat\Cheat.cpp">
      <Filter>Source Files</Filter>
    </ClCompile>
    <ClCompile Include="Util\Pattern\Pattern.cpp">
      <Filter>Source Files</Filter>
    </ClCompile>
    <ClCompile Include="Base\Netvar\Netvar.cpp">
      <Filter>Source Files</Filter>
    </ClCompile>
    <ClCompile Include="Base\SDK\Handle.cpp">
      <Filter>Source Files</Filter>
    </ClCompile>
    <ClCompile Include="Base\SDK\SDK.cpp">
      <Filter>Source Files</Filter>
    </ClCompile>
    <ClCompile Include="Base\Globals\Globals.cpp">
      <Filter>Source Files</Filter>
    </ClCompile>
    <ClCompile Include="Cheat\Hooks\Hooks.cpp">
      <Filter>Source Files</Filter>
    </ClCompile>
    <ClCompile Include="Cheat\Hooks\IClientMode\IClientMode.cpp">
      <Filter>Source Files</Filter>
    </ClCompile>
    <ClCompile Include="Util\Hook\minhook\hde\hde32.c">
      <Filter>Source Files</Filter>
    </ClCompile>
    <ClCompile Include="Util\Hook\minhook\hde\hde64.c">
      <Filter>Source Files</Filter>
    </ClCompile>
    <ClCompile Include="Util\Hook\minhook\buffer.c">
      <Filter>Source Files</Filter>
    </ClCompile>
    <ClCompile Include="Util\Hook\minhook\hook.c">
      <Filter>Source Files</Filter>
    </ClCompile>
    <ClCompile Include="Util\Hook\minhook\trampoline.c">
      <Filter>Source Files</Filter>
    </ClCompile>
    <ClCompile Include="Cheat\Features\Movement\Movement.cpp">
      <Filter>Source Files</Filter>
    </ClCompile>
    <ClCompile Include="Cheat\Hooks\IVModelRender\IVModelRender.cpp">
      <Filter>Source Files</Filter>
    </ClCompile>
    <ClCompile Include="Util\Math\Math.cpp">
      <Filter>Source Files</Filter>
    </ClCompile>
    <ClCompile Include="Cheat\Hooks\IBaseClientDLL\IBaseClientDLL.cpp">
      <Filter>Source Files</Filter>
    </ClCompile>
    <ClCompile Include="Base\SDK\checksum_md5.cpp">
      <Filter>Source Files</Filter>
    </ClCompile>
    <ClCompile Include="Cheat\Hooks\IPrediction\IPrediction.cpp">
      <Filter>Source Files</Filter>
    </ClCompile>
    <ClCompile Include="Cheat\Hooks\C_BasePlayer\C_BasePlayer.cpp">
      <Filter>Source Files</Filter>
    </ClCompile>
    <ClCompile Include="Base\Offsets\Offsets.cpp">
      <Filter>Source Files</Filter>
    </ClCompile>
    <ClCompile Include="Cheat\Hooks\IMatSystemSurface\IMatSystemSurface.cpp">
      <Filter>Source Files</Filter>
    </ClCompile>
  </ItemGroup>
  <ItemGroup>
    <ClInclude Include="Base\DOD\DOD.h">
      <Filter>Header Files</Filter>
    </ClInclude>
    <ClInclude Include="Util\Memory\Memory.h">
      <Filter>Header Files</Filter>
    </ClInclude>
    <ClInclude Include="Cheat\Cheat.h">
      <Filter>Header Files</Filter>
    </ClInclude>
    <ClInclude Include="Base\SDK\SDK.h">
      <Filter>Header Files</Filter>
    </ClInclude>
    <ClInclude Include="Util\Util.h">
      <Filter>Header Files</Filter>
    </ClInclude>
    <ClInclude Include="Base\Base.h">
      <Filter>Header Files</Filter>
    </ClInclude>
    <ClInclude Include="Base\SDK\Interfaces\IClientMode.h">
      <Filter>Header Files</Filter>
    </ClInclude>
    <ClInclude Include="Base\SDK\Interfaces\IClientEntityList.h">
      <Filter>Header Files</Filter>
    </ClInclude>
    <ClInclude Include="Base\SDK\IClientEntity.h">
      <Filter>Header Files</Filter>
    </ClInclude>
    <ClInclude Include="Util\Pattern\Pattern.h">
      <Filter>Header Files</Filter>
    </ClInclude>
    <ClInclude Include="Cheat\Hooks\Hooks.h">
      <Filter>Header Files</Filter>
    </ClInclude>
    <ClInclude Include="Cheat\Features\Features.h">
      <Filter>Header Files</Filter>
    </ClInclude>
    <ClInclude Include="Cheat\Hooks\IClientMode\IClientMode.h">
      <Filter>Header Files</Filter>
    </ClInclude>
    <ClInclude Include="Cheat\Features\Movement\Movement.h">
      <Filter>Header Files</Filter>
    </ClInclude>
    <ClInclude Include="Base\SDK\IClientUnknown.h">
      <Filter>Header Files</Filter>
    </ClInclude>
    <ClInclude Include="Base\SDK\IClientNetworkable.h">
      <Filter>Header Files</Filter>
    </ClInclude>
    <ClInclude Include="Base\SDK\Handle.h">
      <Filter>Header Files</Filter>
    </ClInclude>
    <ClInclude Include="Base\SDK\C_DODPlayer.h">
      <Filter>Header Files</Filter>
    </ClInclude>
    <ClInclude Include="Base\SDK\Vector.h">
      <Filter>Header Files</Filter>
    </ClInclude>
    <ClInclude Include="Base\SDK\Const.h">
      <Filter>Header Files</Filter>
    </ClInclude>
    <ClInclude Include="Base\SDK\IClientThinkable.h">
      <Filter>Header Files</Filter>
    </ClInclude>
    <ClInclude Include="Base\SDK\IClientRenderable.h">
      <Filter>Header Files</Filter>
    </ClInclude>
    <ClInclude Include="Base\SDK\C_BaseCombatCharacter.h">
      <Filter>Header Files</Filter>
    </ClInclude>
    <ClInclude Include="Base\SDK\Interfaces\IVEngineClient.h">
      <Filter>Header Files</Filter>
    </ClInclude>
    <ClInclude Include="Base\SDK\C_BaseEntity.h">
      <Filter>Header Files</Filter>
    </ClInclude>
    <ClInclude Include="Base\Netvar\Netvar.h">
      <Filter>Header Files</Filter>
    </ClInclude>
    <ClInclude Include="Base\SDK\ClientClass.h">
      <Filter>Header Files</Filter>
    </ClInclude>
    <ClInclude Include="Base\SDK\dt_recv.h">
      <Filter>Header Files</Filter>
    </ClInclude>
    <ClInclude Include="Base\SDK\dt_common.h">
      <Filter>Header Files</Filter>
    </ClInclude>
    <ClInclude Include="Base\SDK\Interfaces\IBaseClientDLL.h">
      <Filter>Header Files</Filter>
    </ClInclude>
    <ClInclude Include="Base\SDK\buttoncode.h">
      <Filter>Header Files</Filter>
    </ClInclude>
    <ClInclude Include="Base\SDK\C_BaseAnimating.h">
      <Filter>Header Files</Filter>
    </ClInclude>
    <ClInclude Include="Base\SDK\C_BaseFlex.h">
      <Filter>Header Files</Filter>
    </ClInclude>
    <ClInclude Include="Base\SDK\C_BaseCombatWeapon.h">
      <Filter>Header Files</Filter>
    </ClInclude>
    <ClInclude Include="Base\SDK\C_BasePlayer.h">
      <Filter>Header Files</Filter>
    </ClInclude>
    <ClInclude Include="Base\SDK\C_BaseViewmodel.h">
      <Filter>Header Files</Filter>
    </ClInclude>
    <ClInclude Include="Base\Globals\Globals.h">
      <Filter>Header Files</Filter>
    </ClInclude>
    <ClInclude Include="Base\SDK\C_WeaponDODBase.h">
      <Filter>Header Files</Filter>
    </ClInclude>
    <ClInclude Include="Util\Hook\minhook\hde\hde32.h">
      <Filter>Header Files</Filter>
    </ClInclude>
    <ClInclude Include="Util\Hook\minhook\hde\hde64.h">
      <Filter>Header Files</Filter>
    </ClInclude>
    <ClInclude Include="Util\Hook\minhook\hde\pstdint.h">
      <Filter>Header Files</Filter>
    </ClInclude>
    <ClInclude Include="Util\Hook\minhook\hde\table32.h">
      <Filter>Header Files</Filter>
    </ClInclude>
    <ClInclude Include="Util\Hook\minhook\hde\table64.h">
      <Filter>Header Files</Filter>
    </ClInclude>
    <ClInclude Include="Util\Hook\minhook\buffer.h">
      <Filter>Header Files</Filter>
    </ClInclude>
    <ClInclude Include="Util\Hook\minhook\MinHook.h">
      <Filter>Header Files</Filter>
    </ClInclude>
    <ClInclude Include="Util\Hook\minhook\trampoline.h">
      <Filter>Header Files</Filter>
    </ClInclude>
    <ClInclude Include="Util\Hook\Hook.h">
      <Filter>Header Files</Filter>
    </ClInclude>
    <ClInclude Include="Base\SDK\CUserCmd.h">
      <Filter>Header Files</Filter>
    </ClInclude>
    <ClInclude Include="Base\SDK\C_WeaponDODBaseGrenade.h">
      <Filter>Header Files</Filter>
    </ClInclude>
    <ClInclude Include="Base\SDK\Interfaces\IVModelRender.h">
      <Filter>Header Files</Filter>
    </ClInclude>
    <ClInclude Include="Cheat\Hooks\IVModelRender\IVModelRender.h">
      <Filter>Header Files</Filter>
    </ClInclude>
    <ClInclude Include="Base\SDK\Interfaces\IStudioRender.h">
      <Filter>Header Files</Filter>
    </ClInclude>
    <ClInclude Include="Base\SDK\CViewSetup.h">
      <Filter>Header Files</Filter>
    </ClInclude>
    <ClInclude Include="Util\Math\Math.h">
      <Filter>Header Files</Filter>
    </ClInclude>
    <ClInclude Include="Base\SDK\interface.h">
      <Filter>Header Files</Filter>
    </ClInclude>
    <ClInclude Include="Base\SDK\Interfaces\IMaterialSystem.h">
      <Filter>Header Files</Filter>
    </ClInclude>
    <ClInclude Include="Base\SDK\IMaterial.h">
      <Filter>Header Files</Filter>
    </ClInclude>
    <ClInclude Include="Base\SDK\Interfaces\IVRenderView.h">
      <Filter>Header Files</Filter>
    </ClInclude>
    <ClInclude Include="Cheat\Hooks\IBaseClientDLL\IBaseClientDLL.h">
      <Filter>Header Files</Filter>
    </ClInclude>
    <ClInclude Include="Base\SDK\CGlobalVarsBase.h">
      <Filter>Header Files</Filter>
    </ClInclude>
    <ClInclude Include="Base\SDK\Interfaces\IPlayerInfoManager.h">
      <Filter>Header Files</Filter>
    </ClInclude>
    <ClInclude Include="Base\SDK\C_DODGameRules.h">
      <Filter>Header Files</Filter>
    </ClInclude>
    <ClInclude Include="Base\SDK\checksum_md5.h">
      <Filter>Header Files</Filter>
    </ClInclude>
    <ClInclude Include="Base\SDK\Interfaces\IPrediction.h">
      <Filter>Header Files</Filter>
    </ClInclude>
    <ClInclude Include="Base\SDK\Interfaces\IGameMovement.h">
      <Filter>Header Files</Filter>
    </ClInclude>
    <ClInclude Include="Base\SDK\Interfaces\IMoveHelper.h">
      <Filter>Header Files</Filter>
    </ClInclude>
    <ClInclude Include="Base\SDK\Interfaces\IEngineTrace.h">
      <Filter>Header Files</Filter>
    </ClInclude>
    <ClInclude Include="Cheat\Hooks\IPrediction\IPrediction.h">
      <Filter>Header Files</Filter>
    </ClInclude>
    <ClInclude Include="Base\SDK\Color.h">
      <Filter>Header Files</Filter>
    </ClInclude>
    <ClInclude Include="Base\SDK\Interfaces\IVDebugOverlay.h">
      <Filter>Header Files</Filter>
    </ClInclude>
    <ClInclude Include="Base\SDK\CSteamID.h">
      <Filter>Header Files</Filter>
    </ClInclude>
    <ClInclude Include="Base\SDK\CGameEventListener.h">
      <Filter>Header Files</Filter>
    </ClInclude>
    <ClInclude Include="Base\SDK\Interfaces\IUniformRandomStream.h">
      <Filter>Header Files</Filter>
    </ClInclude>
    <ClInclude Include="Cheat\Hooks\C_BasePlayer\C_BasePlayer.h">
      <Filter>Header Files</Filter>
    </ClInclude>
    <ClInclude Include="Base\Offsets\Offsets.h">
      <Filter>Header Files</Filter>
    </ClInclude>
    <ClInclude Include="Base\SDK\C_Team.h">
      <Filter>Header Files</Filter>
    </ClInclude>
    <ClInclude Include="Base\SDK\C_DODTeam.h">
      <Filter>Header Files</Filter>
    </ClInclude>
    <ClInclude Include="Base\SDK\Interfaces\IMatSystemSurface.h">
      <Filter>Header Files</Filter>
    </ClInclude>
    <ClInclude Include="Cheat\Hooks\IMatSystemSurface\IMatSystemSurface.h">
      <Filter>Header Files</Filter>
    </ClInclude>
    <ClInclude Include="Base\SDK\Interfaces\IPanel.h">
      <Filter>Header Files</Filter>
    </ClInclude>
    <ClInclude Include="Base\SDK\Interfaces\IEngineVGui.h">
      <Filter>Header Files</Filter>
    </ClInclude>
  </ItemGroup>
</Project>